
Microsoft Visual Studio Solution File, Format Version 12.00
# Visual Studio Version 17
VisualStudioVersion = 17.7.34221.43
MinimumVisualStudioVersion = 10.0.40219.1
Project("{FAE04EC0-301F-11D3-BF4B-00C04F79EFBC}") = "ModifiedConnect4", "ModifiedConnect4.csproj", "{F8F538B0-02C1-465F-95DA-C7F70E7DF46A}"
EndProject
Global
	GlobalSection(SolutionConfigurationPlatforms) = preSolution
		Debug|Any CPU = Debug|Any CPU
		Release|Any CPU = Release|Any CPU
	EndGlobalSection
	GlobalSection(ProjectConfigurationPlatforms) = postSolution
		{F8F538B0-02C1-465F-95DA-C7F70E7DF46A}.Debug|Any CPU.ActiveCfg = Debug|Any CPU
		{F8F538B0-02C1-465F-95DA-C7F70E7DF46A}.Debug|Any CPU.Build.0 = Debug|Any CPU
		{F8F538B0-02C1-465F-95DA-C7F70E7DF46A}.Release|Any CPU.ActiveCfg = Release|Any CPU
		{F8F538B0-02C1-465F-95DA-C7F70E7DF46A}.Release|Any CPU.Build.0 = Release|Any CPU
	EndGlobalSection
	GlobalSection(SolutionProperties) = preSolution
		HideSolutionNode = FALSE
	EndGlobalSection
	GlobalSection(ExtensibilityGlobals) = postSolution
		SolutionGuid = {1DE6DA88-6D04-46F3-8442-ECD348134AAF}
	EndGlobalSection
EndGlobal
